// !$*UTF8*$!
{
	archiveVersion = 1;
	classes = {
	};
	objectVersion = 55;
	objects = {

/* Begin PBXBuildFile section */
		37296AB128F135D8004E9256 /* ShakeyBellView.swift in Sources */ = {isa = PBXBuildFile; fileRef = 37296AB028F135D8004E9256 /* ShakeyBellView.swift */; };
		3776C67E28E984840033A5EA /* AccountSummaryHeaderView.xib in Resources */ = {isa = PBXBuildFile; fileRef = 3776C67D28E984840033A5EA /* AccountSummaryHeaderView.xib */; };
		377845D028E741EB002A3500 /* OnBoardingViewController.swift in Sources */ = {isa = PBXBuildFile; fileRef = 377845CF28E741EB002A3500 /* OnBoardingViewController.swift */; };
		3778F3F828EB136E009733CD /* AccountSummaryCell.swift in Sources */ = {isa = PBXBuildFile; fileRef = 3778F3F728EB136E009733CD /* AccountSummaryCell.swift */; };
		37A4326B28E859AD00A52580 /* DummyViewController.swift in Sources */ = {isa = PBXBuildFile; fileRef = 37A4326A28E859AD00A52580 /* DummyViewController.swift */; };
		37A4326E28E864E400A52580 /* LocalState.swift in Sources */ = {isa = PBXBuildFile; fileRef = 37A4326D28E864E400A52580 /* LocalState.swift */; };
		37A4327028E87E8E00A52580 /* UIViewController+Utils.swift in Sources */ = {isa = PBXBuildFile; fileRef = 37A4326F28E87E8E00A52580 /* UIViewController+Utils.swift */; };
		37A4327228E87F0C00A52580 /* MainViewController.swift in Sources */ = {isa = PBXBuildFile; fileRef = 37A4327128E87F0C00A52580 /* MainViewController.swift */; };
		37A6E7AC28CED456008F7F88 /* AppDelegate.swift in Sources */ = {isa = PBXBuildFile; fileRef = 37A6E7AB28CED456008F7F88 /* AppDelegate.swift */; };
		37A6E7B028CED456008F7F88 /* LoginViewController.swift in Sources */ = {isa = PBXBuildFile; fileRef = 37A6E7AF28CED456008F7F88 /* LoginViewController.swift */; };
		37A6E7B328CED456008F7F88 /* Main.storyboard in Resources */ = {isa = PBXBuildFile; fileRef = 37A6E7B128CED456008F7F88 /* Main.storyboard */; };
		37A6E7B528CED458008F7F88 /* Assets.xcassets in Resources */ = {isa = PBXBuildFile; fileRef = 37A6E7B428CED458008F7F88 /* Assets.xcassets */; };
		37A6E7B828CED458008F7F88 /* LaunchScreen.storyboard in Resources */ = {isa = PBXBuildFile; fileRef = 37A6E7B628CED458008F7F88 /* LaunchScreen.storyboard */; };
		37A6E7C128CED965008F7F88 /* LoginView.swift in Sources */ = {isa = PBXBuildFile; fileRef = 37A6E7C028CED965008F7F88 /* LoginView.swift */; };
		37AA071728EC516600D34B88 /* DecimalUtil.swift in Sources */ = {isa = PBXBuildFile; fileRef = 37AA071628EC516600D34B88 /* DecimalUtil.swift */; };
		37AA071928EC527000D34B88 /* CurrencyFormatter.swift in Sources */ = {isa = PBXBuildFile; fileRef = 37AA071828EC527000D34B88 /* CurrencyFormatter.swift */; };
		37AA071B28EC670300D34B88 /* NSNotificationName.swift in Sources */ = {isa = PBXBuildFile; fileRef = 37AA071A28EC670300D34B88 /* NSNotificationName.swift */; };
		37AA4B9E28D0B1FD00E3550C /* OnboardingContainerViewController.swift in Sources */ = {isa = PBXBuildFile; fileRef = 37AA4B9D28D0B1FD00E3550C /* OnboardingContainerViewController.swift */; };
		37B073C528E9575F0077D108 /* AccountSummaryViewController.swift in Sources */ = {isa = PBXBuildFile; fileRef = 37B073C428E9575F0077D108 /* AccountSummaryViewController.swift */; };
		37B073C728E95D5C0077D108 /* AccountSummaryHeaderView.swift in Sources */ = {isa = PBXBuildFile; fileRef = 37B073C628E95D5C0077D108 /* AccountSummaryHeaderView.swift */; };
/* End PBXBuildFile section */

/* Begin PBXFileReference section */
		37296AB028F135D8004E9256 /* ShakeyBellView.swift */ = {isa = PBXFileReference; fileEncoding = 4; lastKnownFileType = sourcecode.swift; name = ShakeyBellView.swift; path = "../../../../../Downloads/ios-professional-course-main/Bankey/12-Networking/Bankey/Bankey/Components/ShakeyBellView.swift"; sourceTree = "<group>"; };
		3776C67D28E984840033A5EA /* AccountSummaryHeaderView.xib */ = {isa = PBXFileReference; lastKnownFileType = file.xib; path = AccountSummaryHeaderView.xib; sourceTree = "<group>"; };
		377845CF28E741EB002A3500 /* OnBoardingViewController.swift */ = {isa = PBXFileReference; lastKnownFileType = sourcecode.swift; path = OnBoardingViewController.swift; sourceTree = "<group>"; };
		3778F3F728EB136E009733CD /* AccountSummaryCell.swift */ = {isa = PBXFileReference; lastKnownFileType = sourcecode.swift; path = AccountSummaryCell.swift; sourceTree = "<group>"; };
		37A4326A28E859AD00A52580 /* DummyViewController.swift */ = {isa = PBXFileReference; lastKnownFileType = sourcecode.swift; path = DummyViewController.swift; sourceTree = "<group>"; };
		37A4326D28E864E400A52580 /* LocalState.swift */ = {isa = PBXFileReference; lastKnownFileType = sourcecode.swift; path = LocalState.swift; sourceTree = "<group>"; };
		37A4326F28E87E8E00A52580 /* UIViewController+Utils.swift */ = {isa = PBXFileReference; lastKnownFileType = sourcecode.swift; path = "UIViewController+Utils.swift"; sourceTree = "<group>"; };
		37A4327128E87F0C00A52580 /* MainViewController.swift */ = {isa = PBXFileReference; lastKnownFileType = sourcecode.swift; path = MainViewController.swift; sourceTree = "<group>"; };
		37A6E7A828CED456008F7F88 /* Bankey.app */ = {isa = PBXFileReference; explicitFileType = wrapper.application; includeInIndex = 0; path = Bankey.app; sourceTree = BUILT_PRODUCTS_DIR; };
		37A6E7AB28CED456008F7F88 /* AppDelegate.swift */ = {isa = PBXFileReference; lastKnownFileType = sourcecode.swift; path = AppDelegate.swift; sourceTree = "<group>"; };
		37A6E7AF28CED456008F7F88 /* LoginViewController.swift */ = {isa = PBXFileReference; lastKnownFileType = sourcecode.swift; path = LoginViewController.swift; sourceTree = "<group>"; };
		37A6E7B228CED456008F7F88 /* Base */ = {isa = PBXFileReference; lastKnownFileType = file.storyboard; name = Base; path = Base.lproj/Main.storyboard; sourceTree = "<group>"; };
		37A6E7B428CED458008F7F88 /* Assets.xcassets */ = {isa = PBXFileReference; lastKnownFileType = folder.assetcatalog; path = Assets.xcassets; sourceTree = "<group>"; };
		37A6E7B728CED458008F7F88 /* Base */ = {isa = PBXFileReference; lastKnownFileType = file.storyboard; name = Base; path = Base.lproj/LaunchScreen.storyboard; sourceTree = "<group>"; };
		37A6E7B928CED458008F7F88 /* Info.plist */ = {isa = PBXFileReference; lastKnownFileType = text.plist.xml; path = Info.plist; sourceTree = "<group>"; };
		37A6E7C028CED965008F7F88 /* LoginView.swift */ = {isa = PBXFileReference; lastKnownFileType = sourcecode.swift; path = LoginView.swift; sourceTree = "<group>"; };
		37AA071628EC516600D34B88 /* DecimalUtil.swift */ = {isa = PBXFileReference; lastKnownFileType = sourcecode.swift; path = DecimalUtil.swift; sourceTree = "<group>"; };
		37AA071828EC527000D34B88 /* CurrencyFormatter.swift */ = {isa = PBXFileReference; lastKnownFileType = sourcecode.swift; path = CurrencyFormatter.swift; sourceTree = "<group>"; };
		37AA071A28EC670300D34B88 /* NSNotificationName.swift */ = {isa = PBXFileReference; lastKnownFileType = sourcecode.swift; path = NSNotificationName.swift; sourceTree = "<group>"; };
		37AA4B9D28D0B1FD00E3550C /* OnboardingContainerViewController.swift */ = {isa = PBXFileReference; lastKnownFileType = sourcecode.swift; path = OnboardingContainerViewController.swift; sourceTree = "<group>"; };
		37B073C428E9575F0077D108 /* AccountSummaryViewController.swift */ = {isa = PBXFileReference; lastKnownFileType = sourcecode.swift; path = AccountSummaryViewController.swift; sourceTree = "<group>"; };
		37B073C628E95D5C0077D108 /* AccountSummaryHeaderView.swift */ = {isa = PBXFileReference; lastKnownFileType = sourcecode.swift; path = AccountSummaryHeaderView.swift; sourceTree = "<group>"; };
/* End PBXFileReference section */

/* Begin PBXFrameworksBuildPhase section */
		37A6E7A528CED456008F7F88 /* Frameworks */ = {
			isa = PBXFrameworksBuildPhase;
			buildActionMask = 2147483647;
			files = (
			);
			runOnlyForDeploymentPostprocessing = 0;
		};
/* End PBXFrameworksBuildPhase section */

/* Begin PBXGroup section */
		3778F3F528EB1229009733CD /* Header */ = {
			isa = PBXGroup;
			children = (
				37B073C628E95D5C0077D108 /* AccountSummaryHeaderView.swift */,
				3776C67D28E984840033A5EA /* AccountSummaryHeaderView.xib */,
			);
			path = Header;
			sourceTree = "<group>";
		};
		3778F3F628EB12FB009733CD /* Cells */ = {
			isa = PBXGroup;
			children = (
				3778F3F728EB136E009733CD /* AccountSummaryCell.swift */,
			);
			path = Cells;
			sourceTree = "<group>";
		};
		37A4326C28E864BC00A52580 /* Utils */ = {
			isa = PBXGroup;
			children = (
				37A4326D28E864E400A52580 /* LocalState.swift */,
				37A4326F28E87E8E00A52580 /* UIViewController+Utils.swift */,
				37AA071628EC516600D34B88 /* DecimalUtil.swift */,
				37AA071828EC527000D34B88 /* CurrencyFormatter.swift */,
				37AA071A28EC670300D34B88 /* NSNotificationName.swift */,
			);
			path = Utils;
			sourceTree = "<group>";
		};
		37A6E79F28CED456008F7F88 = {
			isa = PBXGroup;
			children = (
				37A6E7AA28CED456008F7F88 /* Bankey */,
				37A6E7A928CED456008F7F88 /* Products */,
			);
			sourceTree = "<group>";
		};
		37A6E7A928CED456008F7F88 /* Products */ = {
			isa = PBXGroup;
			children = (
				37A6E7A828CED456008F7F88 /* Bankey.app */,
			);
			name = Products;
			sourceTree = "<group>";
		};
		37A6E7AA28CED456008F7F88 /* Bankey */ = {
			isa = PBXGroup;
			children = (
				37A6E7AB28CED456008F7F88 /* AppDelegate.swift */,
				37A4327128E87F0C00A52580 /* MainViewController.swift */,
				37A6E7BF28CED893008F7F88 /* Login */,
				37AA4B9C28D0B0AF00E3550C /* OnBoarding */,
				37B073C328E957330077D108 /* AccountSummary */,
				37DBF09D28EDB78D00139EAB /* Components */,
				37A4326C28E864BC00A52580 /* Utils */,
				37A6E7B128CED456008F7F88 /* Main.storyboard */,
				37A6E7B428CED458008F7F88 /* Assets.xcassets */,
				37A6E7B628CED458008F7F88 /* LaunchScreen.storyboard */,
				37A6E7B928CED458008F7F88 /* Info.plist */,
			);
			path = Bankey;
			sourceTree = "<group>";
		};
		37A6E7BF28CED893008F7F88 /* Login */ = {
			isa = PBXGroup;
			children = (
				37A6E7AF28CED456008F7F88 /* LoginViewController.swift */,
				37A6E7C028CED965008F7F88 /* LoginView.swift */,
				37A4326A28E859AD00A52580 /* DummyViewController.swift */,
			);
			path = Login;
			sourceTree = "<group>";
		};
		37AA4B9C28D0B0AF00E3550C /* OnBoarding */ = {
			isa = PBXGroup;
			children = (
				37AA4B9D28D0B1FD00E3550C /* OnboardingContainerViewController.swift */,
				377845CF28E741EB002A3500 /* OnBoardingViewController.swift */,
			);
			path = OnBoarding;
			sourceTree = "<group>";
		};
		37B073C328E957330077D108 /* AccountSummary */ = {
			isa = PBXGroup;
			children = (
				37B073C428E9575F0077D108 /* AccountSummaryViewController.swift */,
				3778F3F528EB1229009733CD /* Header */,
				3778F3F628EB12FB009733CD /* Cells */,
			);
			path = AccountSummary;
			sourceTree = "<group>";
		};
		37DBF09D28EDB78D00139EAB /* Components */ = {
			isa = PBXGroup;
			children = (
				37296AB028F135D8004E9256 /* ShakeyBellView.swift */,
			);
			path = Components;
			sourceTree = "<group>";
		};
/* End PBXGroup section */

/* Begin PBXNativeTarget section */
		37A6E7A728CED456008F7F88 /* Bankey */ = {
			isa = PBXNativeTarget;
			buildConfigurationList = 37A6E7BC28CED458008F7F88 /* Build configuration list for PBXNativeTarget "Bankey" */;
			buildPhases = (
				37A6E7A428CED456008F7F88 /* Sources */,
				37A6E7A528CED456008F7F88 /* Frameworks */,
				37A6E7A628CED456008F7F88 /* Resources */,
			);
			buildRules = (
			);
			dependencies = (
			);
			name = Bankey;
			productName = Bankey;
			productReference = 37A6E7A828CED456008F7F88 /* Bankey.app */;
			productType = "com.apple.product-type.application";
		};
/* End PBXNativeTarget section */

/* Begin PBXProject section */
		37A6E7A028CED456008F7F88 /* Project object */ = {
			isa = PBXProject;
			attributes = {
				BuildIndependentTargetsInParallel = 1;
				LastSwiftUpdateCheck = 1340;
				LastUpgradeCheck = 1340;
				TargetAttributes = {
					37A6E7A728CED456008F7F88 = {
						CreatedOnToolsVersion = 13.4.1;
					};
				};
			};
			buildConfigurationList = 37A6E7A328CED456008F7F88 /* Build configuration list for PBXProject "Bankey" */;
			compatibilityVersion = "Xcode 13.0";
			developmentRegion = en;
			hasScannedForEncodings = 0;
			knownRegions = (
				en,
				Base,
			);
			mainGroup = 37A6E79F28CED456008F7F88;
			productRefGroup = 37A6E7A928CED456008F7F88 /* Products */;
			projectDirPath = "";
			projectRoot = "";
			targets = (
				37A6E7A728CED456008F7F88 /* Bankey */,
			);
		};
/* End PBXProject section */

/* Begin PBXResourcesBuildPhase section */
		37A6E7A628CED456008F7F88 /* Resources */ = {
			isa = PBXResourcesBuildPhase;
			buildActionMask = 2147483647;
			files = (
				3776C67E28E984840033A5EA /* AccountSummaryHeaderView.xib in Resources */,
				37A6E7B828CED458008F7F88 /* LaunchScreen.storyboard in Resources */,
				37A6E7B528CED458008F7F88 /* Assets.xcassets in Resources */,
				37A6E7B328CED456008F7F88 /* Main.storyboard in Resources */,
			);
			runOnlyForDeploymentPostprocessing = 0;
		};
/* End PBXResourcesBuildPhase section */

/* Begin PBXSourcesBuildPhase section */
		37A6E7A428CED456008F7F88 /* Sources */ = {
			isa = PBXSourcesBuildPhase;
			buildActionMask = 2147483647;
			files = (
				37A4327028E87E8E00A52580 /* UIViewController+Utils.swift in Sources */,
				37A6E7C128CED965008F7F88 /* LoginView.swift in Sources */,
				37A4326E28E864E400A52580 /* LocalState.swift in Sources */,
				37AA071728EC516600D34B88 /* DecimalUtil.swift in Sources */,
				37B073C728E95D5C0077D108 /* AccountSummaryHeaderView.swift in Sources */,
				37AA071928EC527000D34B88 /* CurrencyFormatter.swift in Sources */,
				37A4326B28E859AD00A52580 /* DummyViewController.swift in Sources */,
				37AA071B28EC670300D34B88 /* NSNotificationName.swift in Sources */,
				37A6E7B028CED456008F7F88 /* LoginViewController.swift in Sources */,
				3778F3F828EB136E009733CD /* AccountSummaryCell.swift in Sources */,
				37A6E7AC28CED456008F7F88 /* AppDelegate.swift in Sources */,
				37A4327228E87F0C00A52580 /* MainViewController.swift in Sources */,
				37B073C528E9575F0077D108 /* AccountSummaryViewController.swift in Sources */,
				37AA4B9E28D0B1FD00E3550C /* OnboardingContainerViewController.swift in Sources */,
				37296AB128F135D8004E9256 /* ShakeyBellView.swift in Sources */,
				377845D028E741EB002A3500 /* OnBoardingViewController.swift in Sources */,
			);
			runOnlyForDeploymentPostprocessing = 0;
		};
/* End PBXSourcesBuildPhase section */

/* Begin PBXVariantGroup section */
		37A6E7B128CED456008F7F88 /* Main.storyboard */ = {
			isa = PBXVariantGroup;
			children = (
				37A6E7B228CED456008F7F88 /* Base */,
			);
			name = Main.storyboard;
			sourceTree = "<group>";
		};
		37A6E7B628CED458008F7F88 /* LaunchScreen.storyboard */ = {
			isa = PBXVariantGroup;
			children = (
				37A6E7B728CED458008F7F88 /* Base */,
			);
			name = LaunchScreen.storyboard;
			sourceTree = "<group>";
		};
/* End PBXVariantGroup section */

/* Begin XCBuildConfiguration section */
		37A6E7BA28CED458008F7F88 /* Debug */ = {
			isa = XCBuildConfiguration;
			buildSettings = {
				ALWAYS_SEARCH_USER_PATHS = NO;
				CLANG_ANALYZER_NONNULL = YES;
				CLANG_ANALYZER_NUMBER_OBJECT_CONVERSION = YES_AGGRESSIVE;
				CLANG_CXX_LANGUAGE_STANDARD = "gnu++17";
				CLANG_ENABLE_MODULES = YES;
				CLANG_ENABLE_OBJC_ARC = YES;
				CLANG_ENABLE_OBJC_WEAK = YES;
				CLANG_WARN_BLOCK_CAPTURE_AUTORELEASING = YES;
				CLANG_WARN_BOOL_CONVERSION = YES;
				CLANG_WARN_COMMA = YES;
				CLANG_WARN_CONSTANT_CONVERSION = YES;
				CLANG_WARN_DEPRECATED_OBJC_IMPLEMENTATIONS = YES;
				CLANG_WARN_DIRECT_OBJC_ISA_USAGE = YES_ERROR;
				CLANG_WARN_DOCUMENTATION_COMMENTS = YES;
				CLANG_WARN_EMPTY_BODY = YES;
				CLANG_WARN_ENUM_CONVERSION = YES;
				CLANG_WARN_INFINITE_RECURSION = YES;
				CLANG_WARN_INT_CONVERSION = YES;
				CLANG_WARN_NON_LITERAL_NULL_CONVERSION = YES;
				CLANG_WARN_OBJC_IMPLICIT_RETAIN_SELF = YES;
				CLANG_WARN_OBJC_LITERAL_CONVERSION = YES;
				CLANG_WARN_OBJC_ROOT_CLASS = YES_ERROR;
				CLANG_WARN_QUOTED_INCLUDE_IN_FRAMEWORK_HEADER = YES;
				CLANG_WARN_RANGE_LOOP_ANALYSIS = YES;
				CLANG_WARN_STRICT_PROTOTYPES = YES;
				CLANG_WARN_SUSPICIOUS_MOVE = YES;
				CLANG_WARN_UNGUARDED_AVAILABILITY = YES_AGGRESSIVE;
				CLANG_WARN_UNREACHABLE_CODE = YES;
				CLANG_WARN__DUPLICATE_METHOD_MATCH = YES;
				COPY_PHASE_STRIP = NO;
				DEBUG_INFORMATION_FORMAT = dwarf;
				ENABLE_STRICT_OBJC_MSGSEND = YES;
				ENABLE_TESTABILITY = YES;
				GCC_C_LANGUAGE_STANDARD = gnu11;
				GCC_DYNAMIC_NO_PIC = NO;
				GCC_NO_COMMON_BLOCKS = YES;
				GCC_OPTIMIZATION_LEVEL = 0;
				GCC_PREPROCESSOR_DEFINITIONS = (
					"DEBUG=1",
					"$(inherited)",
				);
				GCC_WARN_64_TO_32_BIT_CONVERSION = YES;
				GCC_WARN_ABOUT_RETURN_TYPE = YES_ERROR;
				GCC_WARN_UNDECLARED_SELECTOR = YES;
				GCC_WARN_UNINITIALIZED_AUTOS = YES_AGGRESSIVE;
				GCC_WARN_UNUSED_FUNCTION = YES;
				GCC_WARN_UNUSED_VARIABLE = YES;
				IPHONEOS_DEPLOYMENT_TARGET = 15.5;
				MTL_ENABLE_DEBUG_INFO = INCLUDE_SOURCE;
				MTL_FAST_MATH = YES;
				ONLY_ACTIVE_ARCH = YES;
				SDKROOT = iphoneos;
				SWIFT_ACTIVE_COMPILATION_CONDITIONS = DEBUG;
				SWIFT_OPTIMIZATION_LEVEL = "-Onone";
			};
			name = Debug;
		};
		37A6E7BB28CED458008F7F88 /* Release */ = {
			isa = XCBuildConfiguration;
			buildSettings = {
				ALWAYS_SEARCH_USER_PATHS = NO;
				CLANG_ANALYZER_NONNULL = YES;
				CLANG_ANALYZER_NUMBER_OBJECT_CONVERSION = YES_AGGRESSIVE;
				CLANG_CXX_LANGUAGE_STANDARD = "gnu++17";
				CLANG_ENABLE_MODULES = YES;
				CLANG_ENABLE_OBJC_ARC = YES;
				CLANG_ENABLE_OBJC_WEAK = YES;
				CLANG_WARN_BLOCK_CAPTURE_AUTORELEASING = YES;
				CLANG_WARN_BOOL_CONVERSION = YES;
				CLANG_WARN_COMMA = YES;
				CLANG_WARN_CONSTANT_CONVERSION = YES;
				CLANG_WARN_DEPRECATED_OBJC_IMPLEMENTATIONS = YES;
				CLANG_WARN_DIRECT_OBJC_ISA_USAGE = YES_ERROR;
				CLANG_WARN_DOCUMENTATION_COMMENTS = YES;
				CLANG_WARN_EMPTY_BODY = YES;
				CLANG_WARN_ENUM_CONVERSION = YES;
				CLANG_WARN_INFINITE_RECURSION = YES;
				CLANG_WARN_INT_CONVERSION = YES;
				CLANG_WARN_NON_LITERAL_NULL_CONVERSION = YES;
				CLANG_WARN_OBJC_IMPLICIT_RETAIN_SELF = YES;
				CLANG_WARN_OBJC_LITERAL_CONVERSION = YES;
				CLANG_WARN_OBJC_ROOT_CLASS = YES_ERROR;
				CLANG_WARN_QUOTED_INCLUDE_IN_FRAMEWORK_HEADER = YES;
				CLANG_WARN_RANGE_LOOP_ANALYSIS = YES;
				CLANG_WARN_STRICT_PROTOTYPES = YES;
				CLANG_WARN_SUSPICIOUS_MOVE = YES;
				CLANG_WARN_UNGUARDED_AVAILABILITY = YES_AGGRESSIVE;
				CLANG_WARN_UNREACHABLE_CODE = YES;
				CLANG_WARN__DUPLICATE_METHOD_MATCH = YES;
				COPY_PHASE_STRIP = NO;
				DEBUG_INFORMATION_FORMAT = "dwarf-with-dsym";
				ENABLE_NS_ASSERTIONS = NO;
				ENABLE_STRICT_OBJC_MSGSEND = YES;
				GCC_C_LANGUAGE_STANDARD = gnu11;
				GCC_NO_COMMON_BLOCKS = YES;
				GCC_WARN_64_TO_32_BIT_CONVERSION = YES;
				GCC_WARN_ABOUT_RETURN_TYPE = YES_ERROR;
				GCC_WARN_UNDECLARED_SELECTOR = YES;
				GCC_WARN_UNINITIALIZED_AUTOS = YES_AGGRESSIVE;
				GCC_WARN_UNUSED_FUNCTION = YES;
				GCC_WARN_UNUSED_VARIABLE = YES;
				IPHONEOS_DEPLOYMENT_TARGET = 15.5;
				MTL_ENABLE_DEBUG_INFO = NO;
				MTL_FAST_MATH = YES;
				SDKROOT = iphoneos;
				SWIFT_COMPILATION_MODE = wholemodule;
				SWIFT_OPTIMIZATION_LEVEL = "-O";
				VALIDATE_PRODUCT = YES;
			};
			name = Release;
		};
		37A6E7BD28CED458008F7F88 /* Debug */ = {
			isa = XCBuildConfiguration;
			buildSettings = {
				ASSETCATALOG_COMPILER_APPICON_NAME = AppIcon;
				ASSETCATALOG_COMPILER_GLOBAL_ACCENT_COLOR_NAME = AccentColor;
				CODE_SIGN_STYLE = Automatic;
				CURRENT_PROJECT_VERSION = 1;
				DEVELOPMENT_TEAM = DFS9QCW87X;
				GENERATE_INFOPLIST_FILE = YES;
				INFOPLIST_FILE = Bankey/Info.plist;
				INFOPLIST_KEY_UIApplicationSupportsIndirectInputEvents = YES;
				INFOPLIST_KEY_UILaunchStoryboardName = LaunchScreen;
				INFOPLIST_KEY_UIMainStoryboardFile = Main;
				INFOPLIST_KEY_UISupportedInterfaceOrientations_iPad = "UIInterfaceOrientationPortrait UIInterfaceOrientationPortraitUpsideDown UIInterfaceOrientationLandscapeLeft UIInterfaceOrientationLandscapeRight";
				INFOPLIST_KEY_UISupportedInterfaceOrientations_iPhone = "UIInterfaceOrientationPortrait UIInterfaceOrientationLandscapeLeft UIInterfaceOrientationLandscapeRight";
				LD_RUNPATH_SEARCH_PATHS = (
					"$(inherited)",
					"@executable_path/Frameworks",
				);
				MARKETING_VERSION = 1.0;
				PRODUCT_BUNDLE_IDENTIFIER = com.eurofins.Bankey;
				PRODUCT_NAME = "$(TARGET_NAME)";
				SWIFT_EMIT_LOC_STRINGS = YES;
				SWIFT_VERSION = 5.0;
				TARGETED_DEVICE_FAMILY = "1,2";
			};
			name = Debug;
		};
		37A6E7BE28CED458008F7F88 /* Release */ = {
			isa = XCBuildConfiguration;
			buildSettings = {
				ASSETCATALOG_COMPILER_APPICON_NAME = AppIcon;
				ASSETCATALOG_COMPILER_GLOBAL_ACCENT_COLOR_NAME = AccentColor;
				CODE_SIGN_STYLE = Automatic;
				CURRENT_PROJECT_VERSION = 1;
				DEVELOPMENT_TEAM = DFS9QCW87X;
				GENERATE_INFOPLIST_FILE = YES;
				INFOPLIST_FILE = Bankey/Info.plist;
				INFOPLIST_KEY_UIApplicationSupportsIndirectInputEvents = YES;
				INFOPLIST_KEY_UILaunchStoryboardName = LaunchScreen;
				INFOPLIST_KEY_UIMainStoryboardFile = Main;
				INFOPLIST_KEY_UISupportedInterfaceOrientations_iPad = "UIInterfaceOrientationPortrait UIInterfaceOrientationPortraitUpsideDown UIInterfaceOrientationLandscapeLeft UIInterfaceOrientationLandscapeRight";
				INFOPLIST_KEY_UISupportedInterfaceOrientations_iPhone = "UIInterfaceOrientationPortrait UIInterfaceOrientationLandscapeLeft UIInterfaceOrientationLandscapeRight";
				LD_RUNPATH_SEARCH_PATHS = (
					"$(inherited)",
					"@executable_path/Frameworks",
				);
				MARKETING_VERSION = 1.0;
				PRODUCT_BUNDLE_IDENTIFIER = com.eurofins.Bankey;
				PRODUCT_NAME = "$(TARGET_NAME)";
				SWIFT_EMIT_LOC_STRINGS = YES;
				SWIFT_VERSION = 5.0;
				TARGETED_DEVICE_FAMILY = "1,2";
			};
			name = Release;
		};
/* End XCBuildConfiguration section */

/* Begin XCConfigurationList section */
		37A6E7A328CED456008F7F88 /* Build configuration list for PBXProject "Bankey" */ = {
			isa = XCConfigurationList;
			buildConfigurations = (
				37A6E7BA28CED458008F7F88 /* Debug */,
				37A6E7BB28CED458008F7F88 /* Release */,
			);
			defaultConfigurationIsVisible = 0;
			defaultConfigurationName = Release;
		};
		37A6E7BC28CED458008F7F88 /* Build configuration list for PBXNativeTarget "Bankey" */ = {
			isa = XCConfigurationList;
			buildConfigurations = (
				37A6E7BD28CED458008F7F88 /* Debug */,
				37A6E7BE28CED458008F7F88 /* Release */,
			);
			defaultConfigurationIsVisible = 0;
			defaultConfigurationName = Release;
		};
/* End XCConfigurationList section */
	};
	rootObject = 37A6E7A028CED456008F7F88 /* Project object */;
}
